// !$*UTF8*$!
{
	archiveVersion = 1;
	classes = {
	};
	objectVersion = 77;
	objects = {

/* Begin PBXBuildFile section */
		EB47F6FB2D4E6A4400256070 /* AppDelegate.swift in Sources */ = {isa = PBXBuildFile; fileRef = EB47F6FA2D4E6A3D00256070 /* AppDelegate.swift */; };
		EB47F6FF2D4E6A8100256070 /* ViewController.swift in Sources */ = {isa = PBXBuildFile; fileRef = EB47F6FE2D4E6A7A00256070 /* ViewController.swift */; };
		EB47F70A2D4E88AE00256070 /* LandingViewController.swift in Sources */ = {isa = PBXBuildFile; fileRef = EB47F7092D4E88AA00256070 /* LandingViewController.swift */; };
		EB47F70C2D4E88F600256070 /* GameMode.swift in Sources */ = {isa = PBXBuildFile; fileRef = EB47F70B2D4E88F400256070 /* GameMode.swift */; };
/* End PBXBuildFile section */

/* Begin PBXContainerItemProxy section */
		EB3A58C22D3A5F6900B068D2 /* PBXContainerItemProxy */ = {
			isa = PBXContainerItemProxy;
			containerPortal = EB3A58A92D3A5F6800B068D2 /* Project object */;
			proxyType = 1;
			remoteGlobalIDString = EB3A58B02D3A5F6800B068D2;
			remoteInfo = SquareGame;
		};
		EB3A58CC2D3A5F6900B068D2 /* PBXContainerItemProxy */ = {
			isa = PBXContainerItemProxy;
			containerPortal = EB3A58A92D3A5F6800B068D2 /* Project object */;
			proxyType = 1;
			remoteGlobalIDString = EB3A58B02D3A5F6800B068D2;
			remoteInfo = SquareGame;
		};
/* End PBXContainerItemProxy section */

/* Begin PBXFileReference section */
		EB3A58B12D3A5F6800B068D2 /* SquareGame.app */ = {isa = PBXFileReference; explicitFileType = wrapper.application; includeInIndex = 0; path = SquareGame.app; sourceTree = BUILT_PRODUCTS_DIR; };
		EB3A58C12D3A5F6900B068D2 /* SquareGameTests.xctest */ = {isa = PBXFileReference; explicitFileType = wrapper.cfbundle; includeInIndex = 0; path = SquareGameTests.xctest; sourceTree = BUILT_PRODUCTS_DIR; };
		EB3A58CB2D3A5F6900B068D2 /* SquareGameUITests.xctest */ = {isa = PBXFileReference; explicitFileType = wrapper.cfbundle; includeInIndex = 0; path = SquareGameUITests.xctest; sourceTree = BUILT_PRODUCTS_DIR; };
		EB47F6FA2D4E6A3D00256070 /* AppDelegate.swift */ = {isa = PBXFileReference; lastKnownFileType = sourcecode.swift; path = AppDelegate.swift; sourceTree = "<group>"; };
		EB47F6FE2D4E6A7A00256070 /* ViewController.swift */ = {isa = PBXFileReference; lastKnownFileType = sourcecode.swift; path = ViewController.swift; sourceTree = "<group>"; };
		EB47F7092D4E88AA00256070 /* LandingViewController.swift */ = {isa = PBXFileReference; lastKnownFileType = sourcecode.swift; path = LandingViewController.swift; sourceTree = "<group>"; };
		EB47F70B2D4E88F400256070 /* GameMode.swift */ = {isa = PBXFileReference; lastKnownFileType = sourcecode.swift; path = GameMode.swift; sourceTree = "<group>"; };
/* End PBXFileReference section */

/* Begin PBXFileSystemSynchronizedRootGroup section */
		EB3A58B32D3A5F6800B068D2 /* SquareGame */ = {
			isa = PBXFileSystemSynchronizedRootGroup;
			path = SquareGame;
			sourceTree = "<group>";
		};
		EB3A58C42D3A5F6900B068D2 /* SquareGameTests */ = {
			isa = PBXFileSystemSynchronizedRootGroup;
			path = SquareGameTests;
			sourceTree = "<group>";
		};
		EB3A58CE2D3A5F6900B068D2 /* SquareGameUITests */ = {
			isa = PBXFileSystemSynchronizedRootGroup;
			path = SquareGameUITests;
			sourceTree = "<group>";
		};
/* End PBXFileSystemSynchronizedRootGroup section */

/* Begin PBXFrameworksBuildPhase section */
		EB3A58AE2D3A5F6800B068D2 /* Frameworks */ = {
			isa = PBXFrameworksBuildPhase;
			buildActionMask = 2147483647;
			files = (
			);
			runOnlyForDeploymentPostprocessing = 0;
		};
		EB3A58BE2D3A5F6900B068D2 /* Frameworks */ = {
			isa = PBXFrameworksBuildPhase;
			buildActionMask = 2147483647;
			files = (
			);
			runOnlyForDeploymentPostprocessing = 0;
		};
		EB3A58C82D3A5F6900B068D2 /* Frameworks */ = {
			isa = PBXFrameworksBuildPhase;
			buildActionMask = 2147483647;
			files = (
			);
			runOnlyForDeploymentPostprocessing = 0;
		};
/* End PBXFrameworksBuildPhase section */

/* Begin PBXGroup section */
		EB3A58A82D3A5F6800B068D2 = {
			isa = PBXGroup;
			children = (
				EB47F70B2D4E88F400256070 /* GameMode.swift */,
				EB47F7092D4E88AA00256070 /* LandingViewController.swift */,
				EB47F6FE2D4E6A7A00256070 /* ViewController.swift */,
				EB47F6FA2D4E6A3D00256070 /* AppDelegate.swift */,
				EB3A58B32D3A5F6800B068D2 /* SquareGame */,
				EB3A58C42D3A5F6900B068D2 /* SquareGameTests */,
				EB3A58CE2D3A5F6900B068D2 /* SquareGameUITests */,
				EB3A58B22D3A5F6800B068D2 /* Products */,
			);
			sourceTree = "<group>";
		};
		EB3A58B22D3A5F6800B068D2 /* Products */ = {
			isa = PBXGroup;
			children = (
				EB3A58B12D3A5F6800B068D2 /* SquareGame.app */,
				EB3A58C12D3A5F6900B068D2 /* SquareGameTests.xctest */,
				EB3A58CB2D3A5F6900B068D2 /* SquareGameUITests.xctest */,
			);
			name = Products;
			sourceTree = "<group>";
		};
/* End PBXGroup section */

/* Begin PBXNativeTarget section */
		EB3A58B02D3A5F6800B068D2 /* SquareGame */ = {
			isa = PBXNativeTarget;
			buildConfigurationList = EB3A58D52D3A5F6900B068D2 /* Build configuration list for PBXNativeTarget "SquareGame" */;
			buildPhases = (
				EB3A58AD2D3A5F6800B068D2 /* Sources */,
				EB3A58AE2D3A5F6800B068D2 /* Frameworks */,
				EB3A58AF2D3A5F6800B068D2 /* Resources */,
			);
			buildRules = (
			);
			dependencies = (
			);
			fileSystemSynchronizedGroups = (
				EB3A58B32D3A5F6800B068D2 /* SquareGame */,
			);
			name = SquareGame;
			packageProductDependencies = (
			);
			productName = SquareGame;
			productReference = EB3A58B12D3A5F6800B068D2 /* SquareGame.app */;
			productType = "com.apple.product-type.application";
		};
		EB3A58C02D3A5F6900B068D2 /* SquareGameTests */ = {
			isa = PBXNativeTarget;
			buildConfigurationList = EB3A58D82D3A5F6900B068D2 /* Build configuration list for PBXNativeTarget "SquareGameTests" */;
			buildPhases = (
				EB3A58BD2D3A5F6900B068D2 /* Sources */,
				EB3A58BE2D3A5F6900B068D2 /* Frameworks */,
				EB3A58BF2D3A5F6900B068D2 /* Resources */,
			);
			buildRules = (
			);
			dependencies = (
				EB3A58C32D3A5F6900B068D2 /* PBXTargetDependency */,
			);
			fileSystemSynchronizedGroups = (
				EB3A58C42D3A5F6900B068D2 /* SquareGameTests */,
			);
			name = SquareGameTests;
			packageProductDependencies = (
			);
			productName = SquareGameTests;
			productReference = EB3A58C12D3A5F6900B068D2 /* SquareGameTests.xctest */;
			productType = "com.apple.product-type.bundle.unit-test";
		};
		EB3A58CA2D3A5F6900B068D2 /* SquareGameUITests */ = {
			isa = PBXNativeTarget;
			buildConfigurationList = EB3A58DB2D3A5F6900B068D2 /* Build configuration list for PBXNativeTarget "SquareGameUITests" */;
			buildPhases = (
				EB3A58C72D3A5F6900B068D2 /* Sources */,
				EB3A58C82D3A5F6900B068D2 /* Frameworks */,
				EB3A58C92D3A5F6900B068D2 /* Resources */,
			);
			buildRules = (
			);
			dependencies = (
				EB3A58CD2D3A5F6900B068D2 /* PBXTargetDependency */,
			);
			fileSystemSynchronizedGroups = (
				EB3A58CE2D3A5F6900B068D2 /* SquareGameUITests */,
			);
			name = SquareGameUITests;
			packageProductDependencies = (
			);
			productName = SquareGameUITests;
			productReference = EB3A58CB2D3A5F6900B068D2 /* SquareGameUITests.xctest */;
			productType = "com.apple.product-type.bundle.ui-testing";
		};
/* End PBXNativeTarget section */

/* Begin PBXProject section */
		EB3A58A92D3A5F6800B068D2 /* Project object */ = {
			isa = PBXProject;
			attributes = {
				BuildIndependentTargetsInParallel = 1;
				LastSwiftUpdateCheck = 1620;
				LastUpgradeCheck = 1620;
				TargetAttributes = {
					EB3A58B02D3A5F6800B068D2 = {
						CreatedOnToolsVersion = 16.2;
					};
					EB3A58C02D3A5F6900B068D2 = {
						CreatedOnToolsVersion = 16.2;
						TestTargetID = EB3A58B02D3A5F6800B068D2;
					};
					EB3A58CA2D3A5F6900B068D2 = {
						CreatedOnToolsVersion = 16.2;
						TestTargetID = EB3A58B02D3A5F6800B068D2;
					};
				};
			};
			buildConfigurationList = EB3A58AC2D3A5F6800B068D2 /* Build configuration list for PBXProject "SquareGame" */;
			developmentRegion = en;
			hasScannedForEncodings = 0;
			knownRegions = (
				en,
				Base,
			);
			mainGroup = EB3A58A82D3A5F6800B068D2;
			minimizedProjectReferenceProxies = 1;
			preferredProjectObjectVersion = 77;
			productRefGroup = EB3A58B22D3A5F6800B068D2 /* Products */;
			projectDirPath = "";
			projectRoot = "";
			targets = (
				EB3A58B02D3A5F6800B068D2 /* SquareGame */,
				EB3A58C02D3A5F6900B068D2 /* SquareGameTests */,
				EB3A58CA2D3A5F6900B068D2 /* SquareGameUITests */,
			);
		};
/* End PBXProject section */

/* Begin PBXResourcesBuildPhase section */
		EB3A58AF2D3A5F6800B068D2 /* Resources */ = {
			isa = PBXResourcesBuildPhase;
			buildActionMask = 2147483647;
			files = (
			);
			runOnlyForDeploymentPostprocessing = 0;
		};
		EB3A58BF2D3A5F6900B068D2 /* Resources */ = {
			isa = PBXResourcesBuildPhase;
			buildActionMask = 2147483647;
			files = (
			);
			runOnlyForDeploymentPostprocessing = 0;
		};
		EB3A58C92D3A5F6900B068D2 /* Resources */ = {
			isa = PBXResourcesBuildPhase;
			buildActionMask = 2147483647;
			files = (
			);
			runOnlyForDeploymentPostprocessing = 0;
		};
/* End PBXResourcesBuildPhase section */

/* Begin PBXSourcesBuildPhase section */
		EB3A58AD2D3A5F6800B068D2 /* Sources */ = {
			isa = PBXSourcesBuildPhase;
			buildActionMask = 2147483647;
			files = (
				EB47F70C2D4E88F600256070 /* GameMode.swift in Sources */,
				EB47F6FF2D4E6A8100256070 /* ViewController.swift in Sources */,
				EB47F70A2D4E88AE00256070 /* LandingViewController.swift in Sources */,
				EB47F6FB2D4E6A4400256070 /* AppDelegate.swift in Sources */,
			);
			runOnlyForDeploymentPostprocessing = 0;
		};
		EB3A58BD2D3A5F6900B068D2 /* Sources */ = {
			isa = PBXSourcesBuildPhase;
			buildActionMask = 2147483647;
			files = (
			);
			runOnlyForDeploymentPostprocessing = 0;
		};
		EB3A58C72D3A5F6900B068D2 /* Sources */ = {
			isa = PBXSourcesBuildPhase;
			buildActionMask = 2147483647;
			files = (
			);
			runOnlyForDeploymentPostprocessing = 0;
		};
/* End PBXSourcesBuildPhase section */

/* Begin PBXTargetDependency section */
		EB3A58C32D3A5F6900B068D2 /* PBXTargetDependency */ = {
			isa = PBXTargetDependency;
			target = EB3A58B02D3A5F6800B068D2 /* SquareGame */;
			targetProxy = EB3A58C22D3A5F6900B068D2 /* PBXContainerItemProxy */;
		};
		EB3A58CD2D3A5F6900B068D2 /* PBXTargetDependency */ = {
			isa = PBXTargetDependency;
			target = EB3A58B02D3A5F6800B068D2 /* SquareGame */;
			targetProxy = EB3A58CC2D3A5F6900B068D2 /* PBXContainerItemProxy */;
		};
/* End PBXTargetDependency section */

/* Begin XCBuildConfiguration section */
		EB3A58D32D3A5F6900B068D2 /* Debug */ = {
			isa = XCBuildConfiguration;
			buildSettings = {
				ALWAYS_SEARCH_USER_PATHS = NO;
				ASSETCATALOG_COMPILER_GENERATE_SWIFT_ASSET_SYMBOL_EXTENSIONS = YES;
				CLANG_ANALYZER_NONNULL = YES;
				CLANG_ANALYZER_NUMBER_OBJECT_CONVERSION = YES_AGGRESSIVE;
				CLANG_CXX_LANGUAGE_STANDARD = "gnu++20";
				CLANG_ENABLE_MODULES = YES;
				CLANG_ENABLE_OBJC_ARC = YES;
				CLANG_ENABLE_OBJC_WEAK = YES;
				CLANG_WARN_BLOCK_CAPTURE_AUTORELEASING = YES;
				CLANG_WARN_BOOL_CONVERSION = YES;
				CLANG_WARN_COMMA = YES;
				CLANG_WARN_CONSTANT_CONVERSION = YES;
				CLANG_WARN_DEPRECATED_OBJC_IMPLEMENTATIONS = YES;
				CLANG_WARN_DIRECT_OBJC_ISA_USAGE = YES_ERROR;
				CLANG_WARN_DOCUMENTATION_COMMENTS = YES;
				CLANG_WARN_EMPTY_BODY = YES;
				CLANG_WARN_ENUM_CONVERSION = YES;
				CLANG_WARN_INFINITE_RECURSION = YES;
				CLANG_WARN_INT_CONVERSION = YES;
				CLANG_WARN_NON_LITERAL_NULL_CONVERSION = YES;
				CLANG_WARN_OBJC_IMPLICIT_RETAIN_SELF = YES;
				CLANG_WARN_OBJC_LITERAL_CONVERSION = YES;
				CLANG_WARN_OBJC_ROOT_CLASS = YES_ERROR;
				CLANG_WARN_QUOTED_INCLUDE_IN_FRAMEWORK_HEADER = YES;
				CLANG_WARN_RANGE_LOOP_ANALYSIS = YES;
				CLANG_WARN_STRICT_PROTOTYPES = YES;
				CLANG_WARN_SUSPICIOUS_MOVE = YES;
				CLANG_WARN_UNGUARDED_AVAILABILITY = YES_AGGRESSIVE;
				CLANG_WARN_UNREACHABLE_CODE = YES;
				CLANG_WARN__DUPLICATE_METHOD_MATCH = YES;
				COPY_PHASE_STRIP = NO;
				DEBUG_INFORMATION_FORMAT = dwarf;
				ENABLE_STRICT_OBJC_MSGSEND = YES;
				ENABLE_TESTABILITY = YES;
				ENABLE_USER_SCRIPT_SANDBOXING = YES;
				GCC_C_LANGUAGE_STANDARD = gnu17;
				GCC_DYNAMIC_NO_PIC = NO;
				GCC_NO_COMMON_BLOCKS = YES;
				GCC_OPTIMIZATION_LEVEL = 0;
				GCC_PREPROCESSOR_DEFINITIONS = (
					"DEBUG=1",
					"$(inherited)",
				);
				GCC_WARN_64_TO_32_BIT_CONVERSION = YES;
				GCC_WARN_ABOUT_RETURN_TYPE = YES_ERROR;
				GCC_WARN_UNDECLARED_SELECTOR = YES;
				GCC_WARN_UNINITIALIZED_AUTOS = YES_AGGRESSIVE;
				GCC_WARN_UNUSED_FUNCTION = YES;
				GCC_WARN_UNUSED_VARIABLE = YES;
				IPHONEOS_DEPLOYMENT_TARGET = 18.2;
				LOCALIZATION_PREFERS_STRING_CATALOGS = YES;
				MTL_ENABLE_DEBUG_INFO = INCLUDE_SOURCE;
				MTL_FAST_MATH = YES;
				ONLY_ACTIVE_ARCH = YES;
				SDKROOT = iphoneos;
				SWIFT_ACTIVE_COMPILATION_CONDITIONS = "DEBUG $(inherited)";
				SWIFT_OPTIMIZATION_LEVEL = "-Onone";
			};
			name = Debug;
		};
		EB3A58D42D3A5F6900B068D2 /* Release */ = {
			isa = XCBuildConfiguration;
			buildSettings = {
				ALWAYS_SEARCH_USER_PATHS = NO;
				ASSETCATALOG_COMPILER_GENERATE_SWIFT_ASSET_SYMBOL_EXTENSIONS = YES;
				CLANG_ANALYZER_NONNULL = YES;
				CLANG_ANALYZER_NUMBER_OBJECT_CONVERSION = YES_AGGRESSIVE;
				CLANG_CXX_LANGUAGE_STANDARD = "gnu++20";
				CLANG_ENABLE_MODULES = YES;
				CLANG_ENABLE_OBJC_ARC = YES;
				CLANG_ENABLE_OBJC_WEAK = YES;
				CLANG_WARN_BLOCK_CAPTURE_AUTORELEASING = YES;
				CLANG_WARN_BOOL_CONVERSION = YES;
				CLANG_WARN_COMMA = YES;
				CLANG_WARN_CONSTANT_CONVERSION = YES;
				CLANG_WARN_DEPRECATED_OBJC_IMPLEMENTATIONS = YES;
				CLANG_WARN_DIRECT_OBJC_ISA_USAGE = YES_ERROR;
				CLANG_WARN_DOCUMENTATION_COMMENTS = YES;
				CLANG_WARN_EMPTY_BODY = YES;
				CLANG_WARN_ENUM_CONVERSION = YES;
				CLANG_WARN_INFINITE_RECURSION = YES;
				CLANG_WARN_INT_CONVERSION = YES;
				CLANG_WARN_NON_LITERAL_NULL_CONVERSION = YES;
				CLANG_WARN_OBJC_IMPLICIT_RETAIN_SELF = YES;
				CLANG_WARN_OBJC_LITERAL_CONVERSION = YES;
				CLANG_WARN_OBJC_ROOT_CLASS = YES_ERROR;
				CLANG_WARN_QUOTED_INCLUDE_IN_FRAMEWORK_HEADER = YES;
				CLANG_WARN_RANGE_LOOP_ANALYSIS = YES;
				CLANG_WARN_STRICT_PROTOTYPES = YES;
				CLANG_WARN_SUSPICIOUS_MOVE = YES;
				CLANG_WARN_UNGUARDED_AVAILABILITY = YES_AGGRESSIVE;
				CLANG_WARN_UNREACHABLE_CODE = YES;
				CLANG_WARN__DUPLICATE_METHOD_MATCH = YES;
				COPY_PHASE_STRIP = NO;
				DEBUG_INFORMATION_FORMAT = "dwarf-with-dsym";
				ENABLE_NS_ASSERTIONS = NO;
				ENABLE_STRICT_OBJC_MSGSEND = YES;
				ENABLE_USER_SCRIPT_SANDBOXING = YES;
				GCC_C_LANGUAGE_STANDARD = gnu17;
				GCC_NO_COMMON_BLOCKS = YES;
				GCC_WARN_64_TO_32_BIT_CONVERSION = YES;
				GCC_WARN_ABOUT_RETURN_TYPE = YES_ERROR;
				GCC_WARN_UNDECLARED_SELECTOR = YES;
				GCC_WARN_UNINITIALIZED_AUTOS = YES_AGGRESSIVE;
				GCC_WARN_UNUSED_FUNCTION = YES;
				GCC_WARN_UNUSED_VARIABLE = YES;
				IPHONEOS_DEPLOYMENT_TARGET = 18.2;
				LOCALIZATION_PREFERS_STRING_CATALOGS = YES;
				MTL_ENABLE_DEBUG_INFO = NO;
				MTL_FAST_MATH = YES;
				SDKROOT = iphoneos;
				SWIFT_COMPILATION_MODE = wholemodule;
				VALIDATE_PRODUCT = YES;
			};
			name = Release;
		};
		EB3A58D62D3A5F6900B068D2 /* Debug */ = {
			isa = XCBuildConfiguration;
			buildSettings = {
				ASSETCATALOG_COMPILER_APPICON_NAME = AppIcon;
				ASSETCATALOG_COMPILER_GLOBAL_ACCENT_COLOR_NAME = AccentColor;
				CODE_SIGN_STYLE = Automatic;
				CURRENT_PROJECT_VERSION = 1;
				DEVELOPMENT_ASSET_PATHS = "\"SquareGame/Preview Content\"";
				ENABLE_PREVIEWS = YES;
				GENERATE_INFOPLIST_FILE = YES;
				INFOPLIST_KEY_UIApplicationSupportsIndirectInputEvents = YES;
				INFOPLIST_KEY_UILaunchScreen_Generation = YES;
				INFOPLIST_KEY_UISupportedInterfaceOrientations_iPad = "UIInterfaceOrientationPortrait UIInterfaceOrientationPortraitUpsideDown UIInterfaceOrientationLandscapeLeft UIInterfaceOrientationLandscapeRight";
				INFOPLIST_KEY_UISupportedInterfaceOrientations_iPhone = "UIInterfaceOrientationPortrait UIInterfaceOrientationLandscapeLeft UIInterfaceOrientationLandscapeRight";
				LD_RUNPATH_SEARCH_PATHS = (
					"$(inherited)",
					"@executable_path/Frameworks",
				);
				MARKETING_VERSION = 1.0;
				PRODUCT_BUNDLE_IDENTIFIER = Samadhi.SquareGame;
				PRODUCT_NAME = "$(TARGET_NAME)";
				SWIFT_EMIT_LOC_STRINGS = YES;
				SWIFT_VERSION = 5.0;
				TARGETED_DEVICE_FAMILY = "1,2";
			};
			name = Debug;
		};
		EB3A58D72D3A5F6900B068D2 /* Release */ = {
			isa = XCBuildConfiguration;
			buildSettings = {
				ASSETCATALOG_COMPILER_APPICON_NAME = AppIcon;
				ASSETCATALOG_COMPILER_GLOBAL_ACCENT_COLOR_NAME = AccentColor;
				CODE_SIGN_STYLE = Automatic;
				CURRENT_PROJECT_VERSION = 1;
				DEVELOPMENT_ASSET_PATHS = "\"SquareGame/Preview Content\"";
				ENABLE_PREVIEWS = YES;
				GENERATE_INFOPLIST_FILE = YES;
				INFOPLIST_KEY_UIApplicationSupportsIndirectInputEvents = YES;
				INFOPLIST_KEY_UILaunchScreen_Generation = YES;
				INFOPLIST_KEY_UISupportedInterfaceOrientations_iPad = "UIInterfaceOrientationPortrait UIInterfaceOrientationPortraitUpsideDown UIInterfaceOrientationLandscapeLeft UIInterfaceOrientationLandscapeRight";
				INFOPLIST_KEY_UISupportedInterfaceOrientations_iPhone = "UIInterfaceOrientationPortrait UIInterfaceOrientationLandscapeLeft UIInterfaceOrientationLandscapeRight";
				LD_RUNPATH_SEARCH_PATHS = (
					"$(inherited)",
					"@executable_path/Frameworks",
				);
				MARKETING_VERSION = 1.0;
				PRODUCT_BUNDLE_IDENTIFIER = Samadhi.SquareGame;
				PRODUCT_NAME = "$(TARGET_NAME)";
				SWIFT_EMIT_LOC_STRINGS = YES;
				SWIFT_VERSION = 5.0;
				TARGETED_DEVICE_FAMILY = "1,2";
			};
			name = Release;
		};
		EB3A58D92D3A5F6900B068D2 /* Debug */ = {
			isa = XCBuildConfiguration;
			buildSettings = {
				BUNDLE_LOADER = "$(TEST_HOST)";
				CODE_SIGN_STYLE = Automatic;
				CURRENT_PROJECT_VERSION = 1;
				GENERATE_INFOPLIST_FILE = YES;
				IPHONEOS_DEPLOYMENT_TARGET = 18.2;
				MARKETING_VERSION = 1.0;
				PRODUCT_BUNDLE_IDENTIFIER = Samadhi.SquareGameTests;
				PRODUCT_NAME = "$(TARGET_NAME)";
				SWIFT_EMIT_LOC_STRINGS = NO;
				SWIFT_VERSION = 5.0;
				TARGETED_DEVICE_FAMILY = "1,2";
				TEST_HOST = "$(BUILT_PRODUCTS_DIR)/SquareGame.app/$(BUNDLE_EXECUTABLE_FOLDER_PATH)/SquareGame";
			};
			name = Debug;
		};
		EB3A58DA2D3A5F6900B068D2 /* Release */ = {
			isa = XCBuildConfiguration;
			buildSettings = {
				BUNDLE_LOADER = "$(TEST_HOST)";
				CODE_SIGN_STYLE = Automatic;
				CURRENT_PROJECT_VERSION = 1;
				GENERATE_INFOPLIST_FILE = YES;
				IPHONEOS_DEPLOYMENT_TARGET = 18.2;
				MARKETING_VERSION = 1.0;
				PRODUCT_BUNDLE_IDENTIFIER = Samadhi.SquareGameTests;
				PRODUCT_NAME = "$(TARGET_NAME)";
				SWIFT_EMIT_LOC_STRINGS = NO;
				SWIFT_VERSION = 5.0;
				TARGETED_DEVICE_FAMILY = "1,2";
				TEST_HOST = "$(BUILT_PRODUCTS_DIR)/SquareGame.app/$(BUNDLE_EXECUTABLE_FOLDER_PATH)/SquareGame";
			};
			name = Release;
		};
		EB3A58DC2D3A5F6900B068D2 /* Debug */ = {
			isa = XCBuildConfiguration;
			buildSettings = {
				CODE_SIGN_STYLE = Automatic;
				CURRENT_PROJECT_VERSION = 1;
				GENERATE_INFOPLIST_FILE = YES;
				MARKETING_VERSION = 1.0;
				PRODUCT_BUNDLE_IDENTIFIER = Samadhi.SquareGameUITests;
				PRODUCT_NAME = "$(TARGET_NAME)";
				SWIFT_EMIT_LOC_STRINGS = NO;
				SWIFT_VERSION = 5.0;
				TARGETED_DEVICE_FAMILY = "1,2";
				TEST_TARGET_NAME = SquareGame;
			};
			name = Debug;
		};
		EB3A58DD2D3A5F6900B068D2 /* Release */ = {
			isa = XCBuildConfiguration;
			buildSettings = {
				CODE_SIGN_STYLE = Automatic;
				CURRENT_PROJECT_VERSION = 1;
				GENERATE_INFOPLIST_FILE = YES;
				MARKETING_VERSION = 1.0;
				PRODUCT_BUNDLE_IDENTIFIER = Samadhi.SquareGameUITests;
				PRODUCT_NAME = "$(TARGET_NAME)";
				SWIFT_EMIT_LOC_STRINGS = NO;
				SWIFT_VERSION = 5.0;
				TARGETED_DEVICE_FAMILY = "1,2";
				TEST_TARGET_NAME = SquareGame;
			};
			name = Release;
		};
/* End XCBuildConfiguration section */

/* Begin XCConfigurationList section */
		EB3A58AC2D3A5F6800B068D2 /* Build configuration list for PBXProject "SquareGame" */ = {
			isa = XCConfigurationList;
			buildConfigurations = (
				EB3A58D32D3A5F6900B068D2 /* Debug */,
				EB3A58D42D3A5F6900B068D2 /* Release */,
			);
			defaultConfigurationIsVisible = 0;
			defaultConfigurationName = Release;
		};
		EB3A58D52D3A5F6900B068D2 /* Build configuration list for PBXNativeTarget "SquareGame" */ = {
			isa = XCConfigurationList;
			buildConfigurations = (
				EB3A58D62D3A5F6900B068D2 /* Debug */,
				EB3A58D72D3A5F6900B068D2 /* Release */,
			);
			defaultConfigurationIsVisible = 0;
			defaultConfigurationName = Release;
		};
		EB3A58D82D3A5F6900B068D2 /* Build configuration list for PBXNativeTarget "SquareGameTests" */ = {
			isa = XCConfigurationList;
			buildConfigurations = (
				EB3A58D92D3A5F6900B068D2 /* Debug */,
				EB3A58DA2D3A5F6900B068D2 /* Release */,
			);
			defaultConfigurationIsVisible = 0;
			defaultConfigurationName = Release;
		};
		EB3A58DB2D3A5F6900B068D2 /* Build configuration list for PBXNativeTarget "SquareGameUITests" */ = {
			isa = XCConfigurationList;
			buildConfigurations = (
				EB3A58DC2D3A5F6900B068D2 /* Debug */,
				EB3A58DD2D3A5F6900B068D2 /* Release */,
			);
			defaultConfigurationIsVisible = 0;
			defaultConfigurationName = Release;
		};
/* End XCConfigurationList section */
	};
	rootObject = EB3A58A92D3A5F6800B068D2 /* Project object */;
}
