// !$*UTF8*$!
{
	archiveVersion = 1;
	classes = {
	};
	objectVersion = 77;
	objects = {

/* Begin PBXContainerItemProxy section */
		EBA36AF32DB01886008432D2 /* PBXContainerItemProxy */ = {
			isa = PBXContainerItemProxy;
			containerPortal = EBA36AD52DB01884008432D2 /* Project object */;
			proxyType = 1;
			remoteGlobalIDString = EBA36ADC2DB01884008432D2;
			remoteInfo = ARFurnitureApp;
		};
		EBA36AFD2DB01886008432D2 /* PBXContainerItemProxy */ = {
			isa = PBXContainerItemProxy;
			containerPortal = EBA36AD52DB01884008432D2 /* Project object */;
			proxyType = 1;
			remoteGlobalIDString = EBA36ADC2DB01884008432D2;
			remoteInfo = ARFurnitureApp;
		};
/* End PBXContainerItemProxy section */

/* Begin PBXFileReference section */
		EBA36ADD2DB01884008432D2 /* ARFurnitureApp.app */ = {isa = PBXFileReference; explicitFileType = wrapper.application; includeInIndex = 0; path = ARFurnitureApp.app; sourceTree = BUILT_PRODUCTS_DIR; };
		EBA36AF22DB01886008432D2 /* ARFurnitureAppTests.xctest */ = {isa = PBXFileReference; explicitFileType = wrapper.cfbundle; includeInIndex = 0; path = ARFurnitureAppTests.xctest; sourceTree = BUILT_PRODUCTS_DIR; };
		EBA36AFC2DB01886008432D2 /* ARFurnitureAppUITests.xctest */ = {isa = PBXFileReference; explicitFileType = wrapper.cfbundle; includeInIndex = 0; path = ARFurnitureAppUITests.xctest; sourceTree = BUILT_PRODUCTS_DIR; };
/* End PBXFileReference section */

/* Begin PBXFileSystemSynchronizedRootGroup section */
		EBA36ADF2DB01884008432D2 /* ARFurnitureApp */ = {
			isa = PBXFileSystemSynchronizedRootGroup;
			path = ARFurnitureApp;
			sourceTree = "<group>";
		};
		EBA36AF52DB01886008432D2 /* ARFurnitureAppTests */ = {
			isa = PBXFileSystemSynchronizedRootGroup;
			path = ARFurnitureAppTests;
			sourceTree = "<group>";
		};
		EBA36AFF2DB01886008432D2 /* ARFurnitureAppUITests */ = {
			isa = PBXFileSystemSynchronizedRootGroup;
			path = ARFurnitureAppUITests;
			sourceTree = "<group>";
		};
/* End PBXFileSystemSynchronizedRootGroup section */

/* Begin PBXFrameworksBuildPhase section */
		EBA36ADA2DB01884008432D2 /* Frameworks */ = {
			isa = PBXFrameworksBuildPhase;
			buildActionMask = 2147483647;
			files = (
			);
			runOnlyForDeploymentPostprocessing = 0;
		};
		EBA36AEF2DB01886008432D2 /* Frameworks */ = {
			isa = PBXFrameworksBuildPhase;
			buildActionMask = 2147483647;
			files = (
			);
			runOnlyForDeploymentPostprocessing = 0;
		};
		EBA36AF92DB01886008432D2 /* Frameworks */ = {
			isa = PBXFrameworksBuildPhase;
			buildActionMask = 2147483647;
			files = (
			);
			runOnlyForDeploymentPostprocessing = 0;
		};
/* End PBXFrameworksBuildPhase section */

/* Begin PBXGroup section */
		EBA36AD42DB01884008432D2 = {
			isa = PBXGroup;
			children = (
				EBA36ADF2DB01884008432D2 /* ARFurnitureApp */,
				EBA36AF52DB01886008432D2 /* ARFurnitureAppTests */,
				EBA36AFF2DB01886008432D2 /* ARFurnitureAppUITests */,
				EBA36ADE2DB01884008432D2 /* Products */,
			);
			sourceTree = "<group>";
		};
		EBA36ADE2DB01884008432D2 /* Products */ = {
			isa = PBXGroup;
			children = (
				EBA36ADD2DB01884008432D2 /* ARFurnitureApp.app */,
				EBA36AF22DB01886008432D2 /* ARFurnitureAppTests.xctest */,
				EBA36AFC2DB01886008432D2 /* ARFurnitureAppUITests.xctest */,
			);
			name = Products;
			sourceTree = "<group>";
		};
/* End PBXGroup section */

/* Begin PBXNativeTarget section */
		EBA36ADC2DB01884008432D2 /* ARFurnitureApp */ = {
			isa = PBXNativeTarget;
			buildConfigurationList = EBA36B062DB01886008432D2 /* Build configuration list for PBXNativeTarget "ARFurnitureApp" */;
			buildPhases = (
				EBA36AD92DB01884008432D2 /* Sources */,
				EBA36ADA2DB01884008432D2 /* Frameworks */,
				EBA36ADB2DB01884008432D2 /* Resources */,
			);
			buildRules = (
			);
			dependencies = (
			);
			fileSystemSynchronizedGroups = (
				EBA36ADF2DB01884008432D2 /* ARFurnitureApp */,
			);
			name = ARFurnitureApp;
			packageProductDependencies = (
			);
			productName = ARFurnitureApp;
			productReference = EBA36ADD2DB01884008432D2 /* ARFurnitureApp.app */;
			productType = "com.apple.product-type.application";
		};
		EBA36AF12DB01886008432D2 /* ARFurnitureAppTests */ = {
			isa = PBXNativeTarget;
			buildConfigurationList = EBA36B092DB01886008432D2 /* Build configuration list for PBXNativeTarget "ARFurnitureAppTests" */;
			buildPhases = (
				EBA36AEE2DB01886008432D2 /* Sources */,
				EBA36AEF2DB01886008432D2 /* Frameworks */,
				EBA36AF02DB01886008432D2 /* Resources */,
			);
			buildRules = (
			);
			dependencies = (
				EBA36AF42DB01886008432D2 /* PBXTargetDependency */,
			);
			fileSystemSynchronizedGroups = (
				EBA36AF52DB01886008432D2 /* ARFurnitureAppTests */,
			);
			name = ARFurnitureAppTests;
			packageProductDependencies = (
			);
			productName = ARFurnitureAppTests;
			productReference = EBA36AF22DB01886008432D2 /* ARFurnitureAppTests.xctest */;
			productType = "com.apple.product-type.bundle.unit-test";
		};
		EBA36AFB2DB01886008432D2 /* ARFurnitureAppUITests */ = {
			isa = PBXNativeTarget;
			buildConfigurationList = EBA36B0C2DB01886008432D2 /* Build configuration list for PBXNativeTarget "ARFurnitureAppUITests" */;
			buildPhases = (
				EBA36AF82DB01886008432D2 /* Sources */,
				EBA36AF92DB01886008432D2 /* Frameworks */,
				EBA36AFA2DB01886008432D2 /* Resources */,
			);
			buildRules = (
			);
			dependencies = (
				EBA36AFE2DB01886008432D2 /* PBXTargetDependency */,
			);
			fileSystemSynchronizedGroups = (
				EBA36AFF2DB01886008432D2 /* ARFurnitureAppUITests */,
			);
			name = ARFurnitureAppUITests;
			packageProductDependencies = (
			);
			productName = ARFurnitureAppUITests;
			productReference = EBA36AFC2DB01886008432D2 /* ARFurnitureAppUITests.xctest */;
			productType = "com.apple.product-type.bundle.ui-testing";
		};
/* End PBXNativeTarget section */

/* Begin PBXProject section */
		EBA36AD52DB01884008432D2 /* Project object */ = {
			isa = PBXProject;
			attributes = {
				BuildIndependentTargetsInParallel = 1;
				LastSwiftUpdateCheck = 1620;
				LastUpgradeCheck = 1620;
				TargetAttributes = {
					EBA36ADC2DB01884008432D2 = {
						CreatedOnToolsVersion = 16.2;
					};
					EBA36AF12DB01886008432D2 = {
						CreatedOnToolsVersion = 16.2;
						TestTargetID = EBA36ADC2DB01884008432D2;
					};
					EBA36AFB2DB01886008432D2 = {
						CreatedOnToolsVersion = 16.2;
						TestTargetID = EBA36ADC2DB01884008432D2;
					};
				};
			};
			buildConfigurationList = EBA36AD82DB01884008432D2 /* Build configuration list for PBXProject "ARFurnitureApp" */;
			developmentRegion = en;
			hasScannedForEncodings = 0;
			knownRegions = (
				en,
				Base,
			);
			mainGroup = EBA36AD42DB01884008432D2;
			minimizedProjectReferenceProxies = 1;
			preferredProjectObjectVersion = 77;
			productRefGroup = EBA36ADE2DB01884008432D2 /* Products */;
			projectDirPath = "";
			projectRoot = "";
			targets = (
				EBA36ADC2DB01884008432D2 /* ARFurnitureApp */,
				EBA36AF12DB01886008432D2 /* ARFurnitureAppTests */,
				EBA36AFB2DB01886008432D2 /* ARFurnitureAppUITests */,
			);
		};
/* End PBXProject section */

/* Begin PBXResourcesBuildPhase section */
		EBA36ADB2DB01884008432D2 /* Resources */ = {
			isa = PBXResourcesBuildPhase;
			buildActionMask = 2147483647;
			files = (
			);
			runOnlyForDeploymentPostprocessing = 0;
		};
		EBA36AF02DB01886008432D2 /* Resources */ = {
			isa = PBXResourcesBuildPhase;
			buildActionMask = 2147483647;
			files = (
			);
			runOnlyForDeploymentPostprocessing = 0;
		};
		EBA36AFA2DB01886008432D2 /* Resources */ = {
			isa = PBXResourcesBuildPhase;
			buildActionMask = 2147483647;
			files = (
			);
			runOnlyForDeploymentPostprocessing = 0;
		};
/* End PBXResourcesBuildPhase section */

/* Begin PBXSourcesBuildPhase section */
		EBA36AD92DB01884008432D2 /* Sources */ = {
			isa = PBXSourcesBuildPhase;
			buildActionMask = 2147483647;
			files = (
			);
			runOnlyForDeploymentPostprocessing = 0;
		};
		EBA36AEE2DB01886008432D2 /* Sources */ = {
			isa = PBXSourcesBuildPhase;
			buildActionMask = 2147483647;
			files = (
			);
			runOnlyForDeploymentPostprocessing = 0;
		};
		EBA36AF82DB01886008432D2 /* Sources */ = {
			isa = PBXSourcesBuildPhase;
			buildActionMask = 2147483647;
			files = (
			);
			runOnlyForDeploymentPostprocessing = 0;
		};
/* End PBXSourcesBuildPhase section */

/* Begin PBXTargetDependency section */
		EBA36AF42DB01886008432D2 /* PBXTargetDependency */ = {
			isa = PBXTargetDependency;
			target = EBA36ADC2DB01884008432D2 /* ARFurnitureApp */;
			targetProxy = EBA36AF32DB01886008432D2 /* PBXContainerItemProxy */;
		};
		EBA36AFE2DB01886008432D2 /* PBXTargetDependency */ = {
			isa = PBXTargetDependency;
			target = EBA36ADC2DB01884008432D2 /* ARFurnitureApp */;
			targetProxy = EBA36AFD2DB01886008432D2 /* PBXContainerItemProxy */;
		};
/* End PBXTargetDependency section */

/* Begin XCBuildConfiguration section */
		EBA36B042DB01886008432D2 /* Debug */ = {
			isa = XCBuildConfiguration;
			buildSettings = {
				ALWAYS_SEARCH_USER_PATHS = NO;
				ASSETCATALOG_COMPILER_GENERATE_SWIFT_ASSET_SYMBOL_EXTENSIONS = YES;
				CLANG_ANALYZER_NONNULL = YES;
				CLANG_ANALYZER_NUMBER_OBJECT_CONVERSION = YES_AGGRESSIVE;
				CLANG_CXX_LANGUAGE_STANDARD = "gnu++20";
				CLANG_ENABLE_MODULES = YES;
				CLANG_ENABLE_OBJC_ARC = YES;
				CLANG_ENABLE_OBJC_WEAK = YES;
				CLANG_WARN_BLOCK_CAPTURE_AUTORELEASING = YES;
				CLANG_WARN_BOOL_CONVERSION = YES;
				CLANG_WARN_COMMA = YES;
				CLANG_WARN_CONSTANT_CONVERSION = YES;
				CLANG_WARN_DEPRECATED_OBJC_IMPLEMENTATIONS = YES;
				CLANG_WARN_DIRECT_OBJC_ISA_USAGE = YES_ERROR;
				CLANG_WARN_DOCUMENTATION_COMMENTS = YES;
				CLANG_WARN_EMPTY_BODY = YES;
				CLANG_WARN_ENUM_CONVERSION = YES;
				CLANG_WARN_INFINITE_RECURSION = YES;
				CLANG_WARN_INT_CONVERSION = YES;
				CLANG_WARN_NON_LITERAL_NULL_CONVERSION = YES;
				CLANG_WARN_OBJC_IMPLICIT_RETAIN_SELF = YES;
				CLANG_WARN_OBJC_LITERAL_CONVERSION = YES;
				CLANG_WARN_OBJC_ROOT_CLASS = YES_ERROR;
				CLANG_WARN_QUOTED_INCLUDE_IN_FRAMEWORK_HEADER = YES;
				CLANG_WARN_RANGE_LOOP_ANALYSIS = YES;
				CLANG_WARN_STRICT_PROTOTYPES = YES;
				CLANG_WARN_SUSPICIOUS_MOVE = YES;
				CLANG_WARN_UNGUARDED_AVAILABILITY = YES_AGGRESSIVE;
				CLANG_WARN_UNREACHABLE_CODE = YES;
				CLANG_WARN__DUPLICATE_METHOD_MATCH = YES;
				COPY_PHASE_STRIP = NO;
				DEBUG_INFORMATION_FORMAT = dwarf;
				ENABLE_STRICT_OBJC_MSGSEND = YES;
				ENABLE_TESTABILITY = YES;
				ENABLE_USER_SCRIPT_SANDBOXING = YES;
				GCC_C_LANGUAGE_STANDARD = gnu17;
				GCC_DYNAMIC_NO_PIC = NO;
				GCC_NO_COMMON_BLOCKS = YES;
				GCC_OPTIMIZATION_LEVEL = 0;
				GCC_PREPROCESSOR_DEFINITIONS = (
					"DEBUG=1",
					"$(inherited)",
				);
				GCC_WARN_64_TO_32_BIT_CONVERSION = YES;
				GCC_WARN_ABOUT_RETURN_TYPE = YES_ERROR;
				GCC_WARN_UNDECLARED_SELECTOR = YES;
				GCC_WARN_UNINITIALIZED_AUTOS = YES_AGGRESSIVE;
				GCC_WARN_UNUSED_FUNCTION = YES;
				GCC_WARN_UNUSED_VARIABLE = YES;
				IPHONEOS_DEPLOYMENT_TARGET = 18.2;
				LOCALIZATION_PREFERS_STRING_CATALOGS = YES;
				MTL_ENABLE_DEBUG_INFO = INCLUDE_SOURCE;
				MTL_FAST_MATH = YES;
				ONLY_ACTIVE_ARCH = YES;
				SDKROOT = iphoneos;
				SWIFT_ACTIVE_COMPILATION_CONDITIONS = "DEBUG $(inherited)";
				SWIFT_OPTIMIZATION_LEVEL = "-Onone";
			};
			name = Debug;
		};
		EBA36B052DB01886008432D2 /* Release */ = {
			isa = XCBuildConfiguration;
			buildSettings = {
				ALWAYS_SEARCH_USER_PATHS = NO;
				ASSETCATALOG_COMPILER_GENERATE_SWIFT_ASSET_SYMBOL_EXTENSIONS = YES;
				CLANG_ANALYZER_NONNULL = YES;
				CLANG_ANALYZER_NUMBER_OBJECT_CONVERSION = YES_AGGRESSIVE;
				CLANG_CXX_LANGUAGE_STANDARD = "gnu++20";
				CLANG_ENABLE_MODULES = YES;
				CLANG_ENABLE_OBJC_ARC = YES;
				CLANG_ENABLE_OBJC_WEAK = YES;
				CLANG_WARN_BLOCK_CAPTURE_AUTORELEASING = YES;
				CLANG_WARN_BOOL_CONVERSION = YES;
				CLANG_WARN_COMMA = YES;
				CLANG_WARN_CONSTANT_CONVERSION = YES;
				CLANG_WARN_DEPRECATED_OBJC_IMPLEMENTATIONS = YES;
				CLANG_WARN_DIRECT_OBJC_ISA_USAGE = YES_ERROR;
				CLANG_WARN_DOCUMENTATION_COMMENTS = YES;
				CLANG_WARN_EMPTY_BODY = YES;
				CLANG_WARN_ENUM_CONVERSION = YES;
				CLANG_WARN_INFINITE_RECURSION = YES;
				CLANG_WARN_INT_CONVERSION = YES;
				CLANG_WARN_NON_LITERAL_NULL_CONVERSION = YES;
				CLANG_WARN_OBJC_IMPLICIT_RETAIN_SELF = YES;
				CLANG_WARN_OBJC_LITERAL_CONVERSION = YES;
				CLANG_WARN_OBJC_ROOT_CLASS = YES_ERROR;
				CLANG_WARN_QUOTED_INCLUDE_IN_FRAMEWORK_HEADER = YES;
				CLANG_WARN_RANGE_LOOP_ANALYSIS = YES;
				CLANG_WARN_STRICT_PROTOTYPES = YES;
				CLANG_WARN_SUSPICIOUS_MOVE = YES;
				CLANG_WARN_UNGUARDED_AVAILABILITY = YES_AGGRESSIVE;
				CLANG_WARN_UNREACHABLE_CODE = YES;
				CLANG_WARN__DUPLICATE_METHOD_MATCH = YES;
				COPY_PHASE_STRIP = NO;
				DEBUG_INFORMATION_FORMAT = "dwarf-with-dsym";
				ENABLE_NS_ASSERTIONS = NO;
				ENABLE_STRICT_OBJC_MSGSEND = YES;
				ENABLE_USER_SCRIPT_SANDBOXING = YES;
				GCC_C_LANGUAGE_STANDARD = gnu17;
				GCC_NO_COMMON_BLOCKS = YES;
				GCC_WARN_64_TO_32_BIT_CONVERSION = YES;
				GCC_WARN_ABOUT_RETURN_TYPE = YES_ERROR;
				GCC_WARN_UNDECLARED_SELECTOR = YES;
				GCC_WARN_UNINITIALIZED_AUTOS = YES_AGGRESSIVE;
				GCC_WARN_UNUSED_FUNCTION = YES;
				GCC_WARN_UNUSED_VARIABLE = YES;
				IPHONEOS_DEPLOYMENT_TARGET = 18.2;
				LOCALIZATION_PREFERS_STRING_CATALOGS = YES;
				MTL_ENABLE_DEBUG_INFO = NO;
				MTL_FAST_MATH = YES;
				SDKROOT = iphoneos;
				SWIFT_COMPILATION_MODE = wholemodule;
				VALIDATE_PRODUCT = YES;
			};
			name = Release;
		};
		EBA36B072DB01886008432D2 /* Debug */ = {
			isa = XCBuildConfiguration;
			buildSettings = {
				ASSETCATALOG_COMPILER_APPICON_NAME = AppIcon;
				ASSETCATALOG_COMPILER_GLOBAL_ACCENT_COLOR_NAME = AccentColor;
				CODE_SIGN_STYLE = Automatic;
				CURRENT_PROJECT_VERSION = 1;
				DEVELOPMENT_ASSET_PATHS = "\"ARFurnitureApp/Preview Content\"";
				ENABLE_PREVIEWS = YES;
				GENERATE_INFOPLIST_FILE = YES;
				INFOPLIST_KEY_UIApplicationSceneManifest_Generation = YES;
				INFOPLIST_KEY_UIApplicationSupportsIndirectInputEvents = YES;
				INFOPLIST_KEY_UILaunchScreen_Generation = YES;
				INFOPLIST_KEY_UISupportedInterfaceOrientations_iPad = "UIInterfaceOrientationPortrait UIInterfaceOrientationPortraitUpsideDown UIInterfaceOrientationLandscapeLeft UIInterfaceOrientationLandscapeRight";
				INFOPLIST_KEY_UISupportedInterfaceOrientations_iPhone = "UIInterfaceOrientationPortrait UIInterfaceOrientationLandscapeLeft UIInterfaceOrientationLandscapeRight";
				LD_RUNPATH_SEARCH_PATHS = (
					"$(inherited)",
					"@executable_path/Frameworks",
				);
				MARKETING_VERSION = 1.0;
				PRODUCT_BUNDLE_IDENTIFIER = Samadhi.ARFurnitureApp;
				PRODUCT_NAME = "$(TARGET_NAME)";
				SWIFT_EMIT_LOC_STRINGS = YES;
				SWIFT_VERSION = 5.0;
				TARGETED_DEVICE_FAMILY = "1,2";
			};
			name = Debug;
		};
		EBA36B082DB01886008432D2 /* Release */ = {
			isa = XCBuildConfiguration;
			buildSettings = {
				ASSETCATALOG_COMPILER_APPICON_NAME = AppIcon;
				ASSETCATALOG_COMPILER_GLOBAL_ACCENT_COLOR_NAME = AccentColor;
				CODE_SIGN_STYLE = Automatic;
				CURRENT_PROJECT_VERSION = 1;
				DEVELOPMENT_ASSET_PATHS = "\"ARFurnitureApp/Preview Content\"";
				ENABLE_PREVIEWS = YES;
				GENERATE_INFOPLIST_FILE = YES;
				INFOPLIST_KEY_UIApplicationSceneManifest_Generation = YES;
				INFOPLIST_KEY_UIApplicationSupportsIndirectInputEvents = YES;
				INFOPLIST_KEY_UILaunchScreen_Generation = YES;
				INFOPLIST_KEY_UISupportedInterfaceOrientations_iPad = "UIInterfaceOrientationPortrait UIInterfaceOrientationPortraitUpsideDown UIInterfaceOrientationLandscapeLeft UIInterfaceOrientationLandscapeRight";
				INFOPLIST_KEY_UISupportedInterfaceOrientations_iPhone = "UIInterfaceOrientationPortrait UIInterfaceOrientationLandscapeLeft UIInterfaceOrientationLandscapeRight";
				LD_RUNPATH_SEARCH_PATHS = (
					"$(inherited)",
					"@executable_path/Frameworks",
				);
				MARKETING_VERSION = 1.0;
				PRODUCT_BUNDLE_IDENTIFIER = Samadhi.ARFurnitureApp;
				PRODUCT_NAME = "$(TARGET_NAME)";
				SWIFT_EMIT_LOC_STRINGS = YES;
				SWIFT_VERSION = 5.0;
				TARGETED_DEVICE_FAMILY = "1,2";
			};
			name = Release;
		};
		EBA36B0A2DB01886008432D2 /* Debug */ = {
			isa = XCBuildConfiguration;
			buildSettings = {
				BUNDLE_LOADER = "$(TEST_HOST)";
				CODE_SIGN_STYLE = Automatic;
				CURRENT_PROJECT_VERSION = 1;
				GENERATE_INFOPLIST_FILE = YES;
				IPHONEOS_DEPLOYMENT_TARGET = 18.2;
				MARKETING_VERSION = 1.0;
				PRODUCT_BUNDLE_IDENTIFIER = Samadhi.ARFurnitureAppTests;
				PRODUCT_NAME = "$(TARGET_NAME)";
				SWIFT_EMIT_LOC_STRINGS = NO;
				SWIFT_VERSION = 5.0;
				TARGETED_DEVICE_FAMILY = "1,2";
				TEST_HOST = "$(BUILT_PRODUCTS_DIR)/ARFurnitureApp.app/$(BUNDLE_EXECUTABLE_FOLDER_PATH)/ARFurnitureApp";
			};
			name = Debug;
		};
		EBA36B0B2DB01886008432D2 /* Release */ = {
			isa = XCBuildConfiguration;
			buildSettings = {
				BUNDLE_LOADER = "$(TEST_HOST)";
				CODE_SIGN_STYLE = Automatic;
				CURRENT_PROJECT_VERSION = 1;
				GENERATE_INFOPLIST_FILE = YES;
				IPHONEOS_DEPLOYMENT_TARGET = 18.2;
				MARKETING_VERSION = 1.0;
				PRODUCT_BUNDLE_IDENTIFIER = Samadhi.ARFurnitureAppTests;
				PRODUCT_NAME = "$(TARGET_NAME)";
				SWIFT_EMIT_LOC_STRINGS = NO;
				SWIFT_VERSION = 5.0;
				TARGETED_DEVICE_FAMILY = "1,2";
				TEST_HOST = "$(BUILT_PRODUCTS_DIR)/ARFurnitureApp.app/$(BUNDLE_EXECUTABLE_FOLDER_PATH)/ARFurnitureApp";
			};
			name = Release;
		};
		EBA36B0D2DB01886008432D2 /* Debug */ = {
			isa = XCBuildConfiguration;
			buildSettings = {
				CODE_SIGN_STYLE = Automatic;
				CURRENT_PROJECT_VERSION = 1;
				GENERATE_INFOPLIST_FILE = YES;
				MARKETING_VERSION = 1.0;
				PRODUCT_BUNDLE_IDENTIFIER = Samadhi.ARFurnitureAppUITests;
				PRODUCT_NAME = "$(TARGET_NAME)";
				SWIFT_EMIT_LOC_STRINGS = NO;
				SWIFT_VERSION = 5.0;
				TARGETED_DEVICE_FAMILY = "1,2";
				TEST_TARGET_NAME = ARFurnitureApp;
			};
			name = Debug;
		};
		EBA36B0E2DB01886008432D2 /* Release */ = {
			isa = XCBuildConfiguration;
			buildSettings = {
				CODE_SIGN_STYLE = Automatic;
				CURRENT_PROJECT_VERSION = 1;
				GENERATE_INFOPLIST_FILE = YES;
				MARKETING_VERSION = 1.0;
				PRODUCT_BUNDLE_IDENTIFIER = Samadhi.ARFurnitureAppUITests;
				PRODUCT_NAME = "$(TARGET_NAME)";
				SWIFT_EMIT_LOC_STRINGS = NO;
				SWIFT_VERSION = 5.0;
				TARGETED_DEVICE_FAMILY = "1,2";
				TEST_TARGET_NAME = ARFurnitureApp;
			};
			name = Release;
		};
/* End XCBuildConfiguration section */

/* Begin XCConfigurationList section */
		EBA36AD82DB01884008432D2 /* Build configuration list for PBXProject "ARFurnitureApp" */ = {
			isa = XCConfigurationList;
			buildConfigurations = (
				EBA36B042DB01886008432D2 /* Debug */,
				EBA36B052DB01886008432D2 /* Release */,
			);
			defaultConfigurationIsVisible = 0;
			defaultConfigurationName = Release;
		};
		EBA36B062DB01886008432D2 /* Build configuration list for PBXNativeTarget "ARFurnitureApp" */ = {
			isa = XCConfigurationList;
			buildConfigurations = (
				EBA36B072DB01886008432D2 /* Debug */,
				EBA36B082DB01886008432D2 /* Release */,
			);
			defaultConfigurationIsVisible = 0;
			defaultConfigurationName = Release;
		};
		EBA36B092DB01886008432D2 /* Build configuration list for PBXNativeTarget "ARFurnitureAppTests" */ = {
			isa = XCConfigurationList;
			buildConfigurations = (
				EBA36B0A2DB01886008432D2 /* Debug */,
				EBA36B0B2DB01886008432D2 /* Release */,
			);
			defaultConfigurationIsVisible = 0;
			defaultConfigurationName = Release;
		};
		EBA36B0C2DB01886008432D2 /* Build configuration list for PBXNativeTarget "ARFurnitureAppUITests" */ = {
			isa = XCConfigurationList;
			buildConfigurations = (
				EBA36B0D2DB01886008432D2 /* Debug */,
				EBA36B0E2DB01886008432D2 /* Release */,
			);
			defaultConfigurationIsVisible = 0;
			defaultConfigurationName = Release;
		};
/* End XCConfigurationList section */
	};
	rootObject = EBA36AD52DB01884008432D2 /* Project object */;
}
